
Microsoft Visual Studio Solution File, Format Version 12.00
# Visual Studio Version 17
VisualStudioVersion = 17.9.34607.119
MinimumVisualStudioVersion = 10.0.40219.1
Project("{9A19103F-16F7-4668-BE54-9A1E7A4F7556}") = "Catalog.API", "EcommerceAPI\Catalog.API.csproj", "{65C8EC83-FED8-4C90-A406-17D5D2791227}"
EndProject
Project("{9A19103F-16F7-4668-BE54-9A1E7A4F7556}") = "Catalog.Infrastructure", "Ecommerce.Repository\Catalog.Infrastructure.csproj", "{5A1281C4-DD9D-4B41-8ACD-308FD9EDB80B}"
	ProjectSection(ProjectDependencies) = postProject
		{43B75A62-7387-431D-87FD-53A7B80EE981} = {43B75A62-7387-431D-87FD-53A7B80EE981}
		{ADC42103-F80D-4D74-A1BF-B46F93E93196} = {ADC42103-F80D-4D74-A1BF-B46F93E93196}
	EndProjectSection
EndProject
Project("{9A19103F-16F7-4668-BE54-9A1E7A4F7556}") = "Catalog.Service", "Ecommerce.Services\Catalog.Service.csproj", "{18E3F768-9F6F-4FA5-A319-AF143864A38A}"
EndProject
Project("{9A19103F-16F7-4668-BE54-9A1E7A4F7556}") = "Catalog.Facade", "Ecommerce.Facade\Catalog.Facade.csproj", "{ADC42103-F80D-4D74-A1BF-B46F93E93196}"
EndProject
Project("{9A19103F-16F7-4668-BE54-9A1E7A4F7556}") = "Catalog.Domain", "Ecommerce.DTO\Catalog.Domain.csproj", "{43B75A62-7387-431D-87FD-53A7B80EE981}"
EndProject
Project("{2150E333-8FDC-42A3-9474-1A3956D46DE8}") = "Infrastructure", "Infrastructure", "{CB42C5D3-EC29-4823-9EEA-DBD171E24AF6}"
EndProject
Project("{2150E333-8FDC-42A3-9474-1A3956D46DE8}") = "APIs", "APIs", "{8FD49F97-5A66-45C7-A349-324B21E9EA1C}"
EndProject
Project("{2150E333-8FDC-42A3-9474-1A3956D46DE8}") = "Application", "Application", "{E1E4C7E5-F72F-4CB8-A028-122D6592D73B}"
EndProject
Project("{2150E333-8FDC-42A3-9474-1A3956D46DE8}") = "Domain", "Domain", "{5FEC1631-F060-4C02-9C00-3C54871EFD54}"
EndProject
Project("{2150E333-8FDC-42A3-9474-1A3956D46DE8}") = "Test", "Test", "{67CA931F-4D63-4568-A096-5DA705DABF94}"
EndProject
Project("{FAE04EC0-301F-11D3-BF4B-00C04F79EFBC}") = "Catalog.Test", "Catalog.Test\Catalog.Test.csproj", "{882199F5-8003-493E-BFA0-F7ED66A94640}"
EndProject
Global
	GlobalSection(SolutionConfigurationPlatforms) = preSolution
		Debug|Any CPU = Debug|Any CPU
		Release|Any CPU = Release|Any CPU
	EndGlobalSection
	GlobalSection(ProjectConfigurationPlatforms) = postSolution
		{65C8EC83-FED8-4C90-A406-17D5D2791227}.Debug|Any CPU.ActiveCfg = Debug|Any CPU
		{65C8EC83-FED8-4C90-A406-17D5D2791227}.Debug|Any CPU.Build.0 = Debug|Any CPU
		{65C8EC83-FED8-4C90-A406-17D5D2791227}.Release|Any CPU.ActiveCfg = Release|Any CPU
		{65C8EC83-FED8-4C90-A406-17D5D2791227}.Release|Any CPU.Build.0 = Release|Any CPU
		{5A1281C4-DD9D-4B41-8ACD-308FD9EDB80B}.Debug|Any CPU.ActiveCfg = Debug|Any CPU
		{5A1281C4-DD9D-4B41-8ACD-308FD9EDB80B}.Debug|Any CPU.Build.0 = Debug|Any CPU
		{5A1281C4-DD9D-4B41-8ACD-308FD9EDB80B}.Release|Any CPU.ActiveCfg = Release|Any CPU
		{5A1281C4-DD9D-4B41-8ACD-308FD9EDB80B}.Release|Any CPU.Build.0 = Release|Any CPU
		{18E3F768-9F6F-4FA5-A319-AF143864A38A}.Debug|Any CPU.ActiveCfg = Debug|Any CPU
		{18E3F768-9F6F-4FA5-A319-AF143864A38A}.Debug|Any CPU.Build.0 = Debug|Any CPU
		{18E3F768-9F6F-4FA5-A319-AF143864A38A}.Release|Any CPU.ActiveCfg = Release|Any CPU
		{18E3F768-9F6F-4FA5-A319-AF143864A38A}.Release|Any CPU.Build.0 = Release|Any CPU
		{ADC42103-F80D-4D74-A1BF-B46F93E93196}.Debug|Any CPU.ActiveCfg = Debug|Any CPU
		{ADC42103-F80D-4D74-A1BF-B46F93E93196}.Debug|Any CPU.Build.0 = Debug|Any CPU
		{ADC42103-F80D-4D74-A1BF-B46F93E93196}.Release|Any CPU.ActiveCfg = Release|Any CPU
		{ADC42103-F80D-4D74-A1BF-B46F93E93196}.Release|Any CPU.Build.0 = Release|Any CPU
		{43B75A62-7387-431D-87FD-53A7B80EE981}.Debug|Any CPU.ActiveCfg = Debug|Any CPU
		{43B75A62-7387-431D-87FD-53A7B80EE981}.Debug|Any CPU.Build.0 = Debug|Any CPU
		{43B75A62-7387-431D-87FD-53A7B80EE981}.Release|Any CPU.ActiveCfg = Release|Any CPU
		{43B75A62-7387-431D-87FD-53A7B80EE981}.Release|Any CPU.Build.0 = Release|Any CPU
		{882199F5-8003-493E-BFA0-F7ED66A94640}.Debug|Any CPU.ActiveCfg = Debug|Any CPU
		{882199F5-8003-493E-BFA0-F7ED66A94640}.Debug|Any CPU.Build.0 = Debug|Any CPU
		{882199F5-8003-493E-BFA0-F7ED66A94640}.Release|Any CPU.ActiveCfg = Release|Any CPU
		{882199F5-8003-493E-BFA0-F7ED66A94640}.Release|Any CPU.Build.0 = Release|Any CPU
	EndGlobalSection
	GlobalSection(SolutionProperties) = preSolution
		HideSolutionNode = FALSE
	EndGlobalSection
	GlobalSection(NestedProjects) = preSolution
		{65C8EC83-FED8-4C90-A406-17D5D2791227} = {8FD49F97-5A66-45C7-A349-324B21E9EA1C}
		{5A1281C4-DD9D-4B41-8ACD-308FD9EDB80B} = {CB42C5D3-EC29-4823-9EEA-DBD171E24AF6}
		{18E3F768-9F6F-4FA5-A319-AF143864A38A} = {E1E4C7E5-F72F-4CB8-A028-122D6592D73B}
		{ADC42103-F80D-4D74-A1BF-B46F93E93196} = {E1E4C7E5-F72F-4CB8-A028-122D6592D73B}
		{43B75A62-7387-431D-87FD-53A7B80EE981} = {5FEC1631-F060-4C02-9C00-3C54871EFD54}
		{882199F5-8003-493E-BFA0-F7ED66A94640} = {67CA931F-4D63-4568-A096-5DA705DABF94}
	EndGlobalSection
	GlobalSection(ExtensibilityGlobals) = postSolution
		SolutionGuid = {8A6371BC-0899-4B1D-8D56-A58C3FCB5C0B}
	EndGlobalSection
EndGlobal
